
Microsoft Visual Studio Solution File, Format Version 12.00
# Visual Studio Version 17
VisualStudioVersion = 17.0.31912.275
MinimumVisualStudioVersion = 10.0.40219.1
Project("{FAE04EC0-301F-11D3-BF4B-00C04F79EFBC}") = "RevitAPITraining_HolePlugin", "RevitAPITraining_HolePlugin\RevitAPITraining_HolePlugin.csproj", "{381F4F09-FBB3-44D8-8CED-675ADC8FA8AF}"
EndProject
Global
	GlobalSection(SolutionConfigurationPlatforms) = preSolution
		Debug|Any CPU = Debug|Any CPU
		Release|Any CPU = Release|Any CPU
	EndGlobalSection
	GlobalSection(ProjectConfigurationPlatforms) = postSolution
		{381F4F09-FBB3-44D8-8CED-675ADC8FA8AF}.Debug|Any CPU.ActiveCfg = Debug|Any CPU
		{381F4F09-FBB3-44D8-8CED-675ADC8FA8AF}.Debug|Any CPU.Build.0 = Debug|Any CPU
		{381F4F09-FBB3-44D8-8CED-675ADC8FA8AF}.Release|Any CPU.ActiveCfg = Release|Any CPU
		{381F4F09-FBB3-44D8-8CED-675ADC8FA8AF}.Release|Any CPU.Build.0 = Release|Any CPU
	EndGlobalSection
	GlobalSection(SolutionProperties) = preSolution
		HideSolutionNode = FALSE
	EndGlobalSection
	GlobalSection(ExtensibilityGlobals) = postSolution
		SolutionGuid = {393D6DB8-0EF3-4B89-A2AF-D150F7FD1DE6}
	EndGlobalSection
EndGlobal
